PODS:
  - AppAuth (1.7.6):
    - AppAuth/Core (= 1.7.6)
    - AppAuth/ExternalUserAgent (= 1.7.6)
  - AppAuth/Core (1.7.6)
  - AppAuth/ExternalUserAgent (1.7.6):
    - AppAuth/Core
  - SwiftLint (0.59.0)

DEPENDENCIES:
  - AppAuth (= 1.7.6)
  - SwiftLint

SPEC REPOS:
  trunk:
    - AppAuth
    - SwiftLint

SPEC CHECKSUMS:
  AppAuth: d4f13a8fe0baf391b2108511793e4b479691fb73
  SwiftLint: bb7ba8326d0d93e60d6d1715fc7d4609dec5c76d

PODFILE CHECKSUM: 7f9b4eb3bf69a882ac03705df7d920a0d63d1787

COCOAPODS: 1.16.2
