// !$*UTF8*$!
{
	archiveVersion = 1;
	classes = {
	};
	objectVersion = 77;
	objects = {

/* Begin PBXBuildFile section */
		1B5F3931E0834354A8375424 /* Pods_VehicleConnectSDK_VehicleConnectSDKTests.framework in Frameworks */ = {isa = PBXBuildFile; fileRef = B96358430FFBBA186D4D94FA /* Pods_VehicleConnectSDK_VehicleConnectSDKTests.framework */; };
		8782D9372DAE44E800A5F375 /* VehicleConnectSDK.framework in Frameworks */ = {isa = PBXBuildFile; fileRef = 8782D92B2DAE44E700A5F375 /* VehicleConnectSDK.framework */; };
		CB12ED943117D90E8589555F /* Pods_VehicleConnectSDK.framework in Frameworks */ = {isa = PBXBuildFile; fileRef = 8AE946E18F06C99724B3C048 /* Pods_VehicleConnectSDK.framework */; };
/* End PBXBuildFile section */

/* Begin PBXContainerItemProxy section */
		8782D9382DAE44E800A5F375 /* PBXContainerItemProxy */ = {
			isa = PBXContainerItemProxy;
			containerPortal = 8782D9222DAE44E700A5F375 /* Project object */;
			proxyType = 1;
			remoteGlobalIDString = 8782D92A2DAE44E700A5F375;
			remoteInfo = VehicleConnectSDK;
		};
/* End PBXContainerItemProxy section */

/* Begin PBXFileReference section */
		3724EDE61E07E194708FED0B /* Pods-VehicleConnectSDK-VehicleConnectSDKTests.debug.xcconfig */ = {isa = PBXFileReference; includeInIndex = 1; lastKnownFileType = text.xcconfig; name = "Pods-VehicleConnectSDK-VehicleConnectSDKTests.debug.xcconfig"; path = "Target Support Files/Pods-VehicleConnectSDK-VehicleConnectSDKTests/Pods-VehicleConnectSDK-VehicleConnectSDKTests.debug.xcconfig"; sourceTree = "<group>"; };
		8782D92B2DAE44E700A5F375 /* VehicleConnectSDK.framework */ = {isa = PBXFileReference; explicitFileType = wrapper.framework; includeInIndex = 0; path = VehicleConnectSDK.framework; sourceTree = BUILT_PRODUCTS_DIR; };
		8782D9362DAE44E800A5F375 /* VehicleConnectSDKTests.xctest */ = {isa = PBXFileReference; explicitFileType = wrapper.cfbundle; includeInIndex = 0; path = VehicleConnectSDKTests.xctest; sourceTree = BUILT_PRODUCTS_DIR; };
		8AE946E18F06C99724B3C048 /* Pods_VehicleConnectSDK.framework */ = {isa = PBXFileReference; explicitFileType = wrapper.framework; includeInIndex = 0; path = Pods_VehicleConnectSDK.framework; sourceTree = BUILT_PRODUCTS_DIR; };
		9773635F5C1312406E17B58D /* Pods-VehicleConnectSDK.debug.xcconfig */ = {isa = PBXFileReference; includeInIndex = 1; lastKnownFileType = text.xcconfig; name = "Pods-VehicleConnectSDK.debug.xcconfig"; path = "Target Support Files/Pods-VehicleConnectSDK/Pods-VehicleConnectSDK.debug.xcconfig"; sourceTree = "<group>"; };
		B89601AD193D4950890743B9 /* Pods-VehicleConnectSDK.release.xcconfig */ = {isa = PBXFileReference; includeInIndex = 1; lastKnownFileType = text.xcconfig; name = "Pods-VehicleConnectSDK.release.xcconfig"; path = "Target Support Files/Pods-VehicleConnectSDK/Pods-VehicleConnectSDK.release.xcconfig"; sourceTree = "<group>"; };
		B96358430FFBBA186D4D94FA /* Pods_VehicleConnectSDK_VehicleConnectSDKTests.framework */ = {isa = PBXFileReference; explicitFileType = wrapper.framework; includeInIndex = 0; path = Pods_VehicleConnectSDK_VehicleConnectSDKTests.framework; sourceTree = BUILT_PRODUCTS_DIR; };
		BA27B3F1046DF934E199364B /* Pods-VehicleConnectSDK-VehicleConnectSDKTests.release.xcconfig */ = {isa = PBXFileReference; includeInIndex = 1; lastKnownFileType = text.xcconfig; name = "Pods-VehicleConnectSDK-VehicleConnectSDKTests.release.xcconfig"; path = "Target Support Files/Pods-VehicleConnectSDK-VehicleConnectSDKTests/Pods-VehicleConnectSDK-VehicleConnectSDKTests.release.xcconfig"; sourceTree = "<group>"; };
/* End PBXFileReference section */

/* Begin PBXFileSystemSynchronizedRootGroup section */
		8782D92D2DAE44E700A5F375 /* VehicleConnectSDK */ = {
			isa = PBXFileSystemSynchronizedRootGroup;
			path = VehicleConnectSDK;
			sourceTree = "<group>";
		};
		8782D93A2DAE44E800A5F375 /* VehicleConnectSDKTests */ = {
			isa = PBXFileSystemSynchronizedRootGroup;
			path = VehicleConnectSDKTests;
			sourceTree = "<group>";
		};
/* End PBXFileSystemSynchronizedRootGroup section */

/* Begin PBXFrameworksBuildPhase section */
		8782D9282DAE44E700A5F375 /* Frameworks */ = {
			isa = PBXFrameworksBuildPhase;
			buildActionMask = 2147483647;
			files = (
				CB12ED943117D90E8589555F /* Pods_VehicleConnectSDK.framework in Frameworks */,
			);
			runOnlyForDeploymentPostprocessing = 0;
		};
		8782D9332DAE44E800A5F375 /* Frameworks */ = {
			isa = PBXFrameworksBuildPhase;
			buildActionMask = 2147483647;
			files = (
				8782D9372DAE44E800A5F375 /* VehicleConnectSDK.framework in Frameworks */,
				1B5F3931E0834354A8375424 /* Pods_VehicleConnectSDK_VehicleConnectSDKTests.framework in Frameworks */,
			);
			runOnlyForDeploymentPostprocessing = 0;
		};
/* End PBXFrameworksBuildPhase section */

/* Begin PBXGroup section */
		2995E8FBEFCCA80891F9FEE2 /* Pods */ = {
			isa = PBXGroup;
			children = (
				9773635F5C1312406E17B58D /* Pods-VehicleConnectSDK.debug.xcconfig */,
				B89601AD193D4950890743B9 /* Pods-VehicleConnectSDK.release.xcconfig */,
				3724EDE61E07E194708FED0B /* Pods-VehicleConnectSDK-VehicleConnectSDKTests.debug.xcconfig */,
				BA27B3F1046DF934E199364B /* Pods-VehicleConnectSDK-VehicleConnectSDKTests.release.xcconfig */,
			);
			path = Pods;
			sourceTree = "<group>";
		};
		8782D9212DAE44E700A5F375 = {
			isa = PBXGroup;
			children = (
				8782D92D2DAE44E700A5F375 /* VehicleConnectSDK */,
				8782D93A2DAE44E800A5F375 /* VehicleConnectSDKTests */,
				8782D92C2DAE44E700A5F375 /* Products */,
				2995E8FBEFCCA80891F9FEE2 /* Pods */,
				FFE81F9F0C857FBC301C7330 /* Frameworks */,
			);
			sourceTree = "<group>";
		};
		8782D92C2DAE44E700A5F375 /* Products */ = {
			isa = PBXGroup;
			children = (
				8782D92B2DAE44E700A5F375 /* VehicleConnectSDK.framework */,
				8782D9362DAE44E800A5F375 /* VehicleConnectSDKTests.xctest */,
			);
			name = Products;
			sourceTree = "<group>";
		};
		FFE81F9F0C857FBC301C7330 /* Frameworks */ = {
			isa = PBXGroup;
			children = (
				8AE946E18F06C99724B3C048 /* Pods_VehicleConnectSDK.framework */,
				B96358430FFBBA186D4D94FA /* Pods_VehicleConnectSDK_VehicleConnectSDKTests.framework */,
			);
			name = Frameworks;
			sourceTree = "<group>";
		};
/* End PBXGroup section */

/* Begin PBXHeadersBuildPhase section */
		8782D9262DAE44E700A5F375 /* Headers */ = {
			isa = PBXHeadersBuildPhase;
			buildActionMask = 2147483647;
			files = (
			);
			runOnlyForDeploymentPostprocessing = 0;
		};
/* End PBXHeadersBuildPhase section */

/* Begin PBXNativeTarget section */
		8782D92A2DAE44E700A5F375 /* VehicleConnectSDK */ = {
			isa = PBXNativeTarget;
			buildConfigurationList = 8782D93F2DAE44E800A5F375 /* Build configuration list for PBXNativeTarget "VehicleConnectSDK" */;
			buildPhases = (
				AC108E83DB38779684432A21 /* [CP] Check Pods Manifest.lock */,
				8782D9262DAE44E700A5F375 /* Headers */,
				8782D9272DAE44E700A5F375 /* Sources */,
				8782D9282DAE44E700A5F375 /* Frameworks */,
				8782D9292DAE44E700A5F375 /* Resources */,
				8782D9D72DAE53BA00A5F375 /* ShellScript */,
			);
			buildRules = (
			);
			dependencies = (
			);
			fileSystemSynchronizedGroups = (
				8782D92D2DAE44E700A5F375 /* VehicleConnectSDK */,
			);
			name = VehicleConnectSDK;
			productName = VehicleConnectSDK;
			productReference = 8782D92B2DAE44E700A5F375 /* VehicleConnectSDK.framework */;
			productType = "com.apple.product-type.framework";
		};
		8782D9352DAE44E800A5F375 /* VehicleConnectSDKTests */ = {
			isa = PBXNativeTarget;
			buildConfigurationList = 8782D9422DAE44E800A5F375 /* Build configuration list for PBXNativeTarget "VehicleConnectSDKTests" */;
			buildPhases = (
				2EBA0D06B40856DD86F8A680 /* [CP] Check Pods Manifest.lock */,
				8782D9322DAE44E800A5F375 /* Sources */,
				8782D9332DAE44E800A5F375 /* Frameworks */,
				8782D9342DAE44E800A5F375 /* Resources */,
				9A9DCA2545027AEFBB03C94B /* [CP] Embed Pods Frameworks */,
			);
			buildRules = (
			);
			dependencies = (
				8782D9392DAE44E800A5F375 /* PBXTargetDependency */,
			);
			fileSystemSynchronizedGroups = (
				8782D93A2DAE44E800A5F375 /* VehicleConnectSDKTests */,
			);
			name = VehicleConnectSDKTests;
			productName = VehicleConnectSDKTests;
			productReference = 8782D9362DAE44E800A5F375 /* VehicleConnectSDKTests.xctest */;
			productType = "com.apple.product-type.bundle.unit-test";
		};
/* End PBXNativeTarget section */

/* Begin PBXProject section */
		8782D9222DAE44E700A5F375 /* Project object */ = {
			isa = PBXProject;
			attributes = {
				BuildIndependentTargetsInParallel = 1;
				LastSwiftUpdateCheck = 1630;
				LastUpgradeCheck = 1630;
				TargetAttributes = {
					8782D92A2DAE44E700A5F375 = {
						CreatedOnToolsVersion = 16.3;
					};
					8782D9352DAE44E800A5F375 = {
						CreatedOnToolsVersion = 16.3;
					};
				};
			};
			buildConfigurationList = 8782D9252DAE44E700A5F375 /* Build configuration list for PBXProject "VehicleConnectSDK" */;
			developmentRegion = en;
			hasScannedForEncodings = 0;
			knownRegions = (
				en,
				Base,
			);
			mainGroup = 8782D9212DAE44E700A5F375;
			minimizedProjectReferenceProxies = 1;
			preferredProjectObjectVersion = 77;
			productRefGroup = 8782D92C2DAE44E700A5F375 /* Products */;
			projectDirPath = "";
			projectRoot = "";
			targets = (
				8782D92A2DAE44E700A5F375 /* VehicleConnectSDK */,
				8782D9352DAE44E800A5F375 /* VehicleConnectSDKTests */,
			);
		};
/* End PBXProject section */

/* Begin PBXResourcesBuildPhase section */
		8782D9292DAE44E700A5F375 /* Resources */ = {
			isa = PBXResourcesBuildPhase;
			buildActionMask = 2147483647;
			files = (
			);
			runOnlyForDeploymentPostprocessing = 0;
		};
		8782D9342DAE44E800A5F375 /* Resources */ = {
			isa = PBXResourcesBuildPhase;
			buildActionMask = 2147483647;
			files = (
			);
			runOnlyForDeploymentPostprocessing = 0;
		};
/* End PBXResourcesBuildPhase section */

/* Begin PBXShellScriptBuildPhase section */
		2EBA0D06B40856DD86F8A680 /* [CP] Check Pods Manifest.lock */ = {
			isa = PBXShellScriptBuildPhase;
			buildActionMask = 2147483647;
			files = (
			);
			inputFileListPaths = (
			);
			inputPaths = (
				"${PODS_PODFILE_DIR_PATH}/Podfile.lock",
				"${PODS_ROOT}/Manifest.lock",
			);
			name = "[CP] Check Pods Manifest.lock";
			outputFileListPaths = (
			);
			outputPaths = (
				"$(DERIVED_FILE_DIR)/Pods-VehicleConnectSDK-VehicleConnectSDKTests-checkManifestLockResult.txt",
			);
			runOnlyForDeploymentPostprocessing = 0;
			shellPath = /bin/sh;
			shellScript = "diff \"${PODS_PODFILE_DIR_PATH}/Podfile.lock\" \"${PODS_ROOT}/Manifest.lock\" > /dev/null\nif [ $? != 0 ] ; then\n    # print error to STDERR\n    echo \"error: The sandbox is not in sync with the Podfile.lock. Run 'pod install' or update your CocoaPods installation.\" >&2\n    exit 1\nfi\n# This output is used by Xcode 'outputs' to avoid re-running this script phase.\necho \"SUCCESS\" > \"${SCRIPT_OUTPUT_FILE_0}\"\n";
			showEnvVarsInLog = 0;
		};
		8782D9D72DAE53BA00A5F375 /* ShellScript */ = {
			isa = PBXShellScriptBuildPhase;
			alwaysOutOfDate = 1;
			buildActionMask = 2147483647;
			files = (
			);
			inputFileListPaths = (
			);
			inputPaths = (
			);
			outputFileListPaths = (
			);
			outputPaths = (
			);
			runOnlyForDeploymentPostprocessing = 0;
			shellPath = /bin/sh;
			shellScript = "# Type a script or drag a script file from your workspace to insert its path.\nlint=\"${PODS_ROOT}/SwiftLint/swiftlint\"\nif which $lint >/dev/null; then\n    $lint --fix && $lint\nelse\n    echo \"warning: SwiftLint not installed in cocoapods\"\n    exit 1\nfi\n";
		};
		9A9DCA2545027AEFBB03C94B /* [CP] Embed Pods Frameworks */ = {
			isa = PBXShellScriptBuildPhase;
			buildActionMask = 2147483647;
			files = (
			);
			inputFileListPaths = (
				"${PODS_ROOT}/Target Support Files/Pods-VehicleConnectSDK-VehicleConnectSDKTests/Pods-VehicleConnectSDK-VehicleConnectSDKTests-frameworks-${CONFIGURATION}-input-files.xcfilelist",
			);
			inputPaths = (
			);
			name = "[CP] Embed Pods Frameworks";
			outputFileListPaths = (
				"${PODS_ROOT}/Target Support Files/Pods-VehicleConnectSDK-VehicleConnectSDKTests/Pods-VehicleConnectSDK-VehicleConnectSDKTests-frameworks-${CONFIGURATION}-output-files.xcfilelist",
			);
			outputPaths = (
			);
			runOnlyForDeploymentPostprocessing = 0;
			shellPath = /bin/sh;
			shellScript = "\"${PODS_ROOT}/Target Support Files/Pods-VehicleConnectSDK-VehicleConnectSDKTests/Pods-VehicleConnectSDK-VehicleConnectSDKTests-frameworks.sh\"\n";
			showEnvVarsInLog = 0;
		};
		AC108E83DB38779684432A21 /* [CP] Check Pods Manifest.lock */ = {
			isa = PBXShellScriptBuildPhase;
			buildActionMask = 2147483647;
			files = (
			);
			inputFileListPaths = (
			);
			inputPaths = (
				"${PODS_PODFILE_DIR_PATH}/Podfile.lock",
				"${PODS_ROOT}/Manifest.lock",
			);
			name = "[CP] Check Pods Manifest.lock";
			outputFileListPaths = (
			);
			outputPaths = (
				"$(DERIVED_FILE_DIR)/Pods-VehicleConnectSDK-checkManifestLockResult.txt",
			);
			runOnlyForDeploymentPostprocessing = 0;
			shellPath = /bin/sh;
			shellScript = "diff \"${PODS_PODFILE_DIR_PATH}/Podfile.lock\" \"${PODS_ROOT}/Manifest.lock\" > /dev/null\nif [ $? != 0 ] ; then\n    # print error to STDERR\n    echo \"error: The sandbox is not in sync with the Podfile.lock. Run 'pod install' or update your CocoaPods installation.\" >&2\n    exit 1\nfi\n# This output is used by Xcode 'outputs' to avoid re-running this script phase.\necho \"SUCCESS\" > \"${SCRIPT_OUTPUT_FILE_0}\"\n";
			showEnvVarsInLog = 0;
		};
/* End PBXShellScriptBuildPhase section */

/* Begin PBXSourcesBuildPhase section */
		8782D9272DAE44E700A5F375 /* Sources */ = {
			isa = PBXSourcesBuildPhase;
			buildActionMask = 2147483647;
			files = (
			);
			runOnlyForDeploymentPostprocessing = 0;
		};
		8782D9322DAE44E800A5F375 /* Sources */ = {
			isa = PBXSourcesBuildPhase;
			buildActionMask = 2147483647;
			files = (
			);
			runOnlyForDeploymentPostprocessing = 0;
		};
/* End PBXSourcesBuildPhase section */

/* Begin PBXTargetDependency section */
		8782D9392DAE44E800A5F375 /* PBXTargetDependency */ = {
			isa = PBXTargetDependency;
			target = 8782D92A2DAE44E700A5F375 /* VehicleConnectSDK */;
			targetProxy = 8782D9382DAE44E800A5F375 /* PBXContainerItemProxy */;
		};
/* End PBXTargetDependency section */

/* Begin XCBuildConfiguration section */
		8782D93D2DAE44E800A5F375 /* Debug */ = {
			isa = XCBuildConfiguration;
			buildSettings = {
				ALWAYS_SEARCH_USER_PATHS = NO;
				ASSETCATALOG_COMPILER_GENERATE_SWIFT_ASSET_SYMBOL_EXTENSIONS = YES;
				CLANG_ANALYZER_NONNULL = YES;
				CLANG_ANALYZER_NUMBER_OBJECT_CONVERSION = YES_AGGRESSIVE;
				CLANG_CXX_LANGUAGE_STANDARD = "gnu++20";
				CLANG_ENABLE_MODULES = YES;
				CLANG_ENABLE_OBJC_ARC = YES;
				CLANG_ENABLE_OBJC_WEAK = YES;
				CLANG_WARN_BLOCK_CAPTURE_AUTORELEASING = YES;
				CLANG_WARN_BOOL_CONVERSION = YES;
				CLANG_WARN_COMMA = YES;
				CLANG_WARN_CONSTANT_CONVERSION = YES;
				CLANG_WARN_DEPRECATED_OBJC_IMPLEMENTATIONS = YES;
				CLANG_WARN_DIRECT_OBJC_ISA_USAGE = YES_ERROR;
				CLANG_WARN_DOCUMENTATION_COMMENTS = YES;
				CLANG_WARN_EMPTY_BODY = YES;
				CLANG_WARN_ENUM_CONVERSION = YES;
				CLANG_WARN_INFINITE_RECURSION = YES;
				CLANG_WARN_INT_CONVERSION = YES;
				CLANG_WARN_NON_LITERAL_NULL_CONVERSION = YES;
				CLANG_WARN_OBJC_IMPLICIT_RETAIN_SELF = YES;
				CLANG_WARN_OBJC_LITERAL_CONVERSION = YES;
				CLANG_WARN_OBJC_ROOT_CLASS = YES_ERROR;
				CLANG_WARN_QUOTED_INCLUDE_IN_FRAMEWORK_HEADER = YES;
				CLANG_WARN_RANGE_LOOP_ANALYSIS = YES;
				CLANG_WARN_STRICT_PROTOTYPES = YES;
				CLANG_WARN_SUSPICIOUS_MOVE = YES;
				CLANG_WARN_UNGUARDED_AVAILABILITY = YES_AGGRESSIVE;
				CLANG_WARN_UNREACHABLE_CODE = YES;
				CLANG_WARN__DUPLICATE_METHOD_MATCH = YES;
				COPY_PHASE_STRIP = NO;
				CURRENT_PROJECT_VERSION = 1;
				DEBUG_INFORMATION_FORMAT = dwarf;
				DEVELOPMENT_TEAM = 5NV8XFN9EY;
				ENABLE_STRICT_OBJC_MSGSEND = YES;
				ENABLE_TESTABILITY = YES;
				ENABLE_USER_SCRIPT_SANDBOXING = YES;
				GCC_C_LANGUAGE_STANDARD = gnu17;
				GCC_DYNAMIC_NO_PIC = NO;
				GCC_NO_COMMON_BLOCKS = YES;
				GCC_OPTIMIZATION_LEVEL = 0;
				GCC_PREPROCESSOR_DEFINITIONS = (
					"DEBUG=1",
					"$(inherited)",
				);
				GCC_WARN_64_TO_32_BIT_CONVERSION = YES;
				GCC_WARN_ABOUT_RETURN_TYPE = YES_ERROR;
				GCC_WARN_UNDECLARED_SELECTOR = YES;
				GCC_WARN_UNINITIALIZED_AUTOS = YES_AGGRESSIVE;
				GCC_WARN_UNUSED_FUNCTION = YES;
				GCC_WARN_UNUSED_VARIABLE = YES;
				IPHONEOS_DEPLOYMENT_TARGET = 18.4;
				LOCALIZATION_PREFERS_STRING_CATALOGS = YES;
				MTL_ENABLE_DEBUG_INFO = INCLUDE_SOURCE;
				MTL_FAST_MATH = YES;
				ONLY_ACTIVE_ARCH = YES;
				SDKROOT = iphoneos;
				SWIFT_ACTIVE_COMPILATION_CONDITIONS = "DEBUG $(inherited)";
				SWIFT_OPTIMIZATION_LEVEL = "-Onone";
				VERSIONING_SYSTEM = "apple-generic";
				VERSION_INFO_PREFIX = "";
			};
			name = Debug;
		};
		8782D93E2DAE44E800A5F375 /* Release */ = {
			isa = XCBuildConfiguration;
			buildSettings = {
				ALWAYS_SEARCH_USER_PATHS = NO;
				ASSETCATALOG_COMPILER_GENERATE_SWIFT_ASSET_SYMBOL_EXTENSIONS = YES;
				CLANG_ANALYZER_NONNULL = YES;
				CLANG_ANALYZER_NUMBER_OBJECT_CONVERSION = YES_AGGRESSIVE;
				CLANG_CXX_LANGUAGE_STANDARD = "gnu++20";
				CLANG_ENABLE_MODULES = YES;
				CLANG_ENABLE_OBJC_ARC = YES;
				CLANG_ENABLE_OBJC_WEAK = YES;
				CLANG_WARN_BLOCK_CAPTURE_AUTORELEASING = YES;
				CLANG_WARN_BOOL_CONVERSION = YES;
				CLANG_WARN_COMMA = YES;
				CLANG_WARN_CONSTANT_CONVERSION = YES;
				CLANG_WARN_DEPRECATED_OBJC_IMPLEMENTATIONS = YES;
				CLANG_WARN_DIRECT_OBJC_ISA_USAGE = YES_ERROR;
				CLANG_WARN_DOCUMENTATION_COMMENTS = YES;
				CLANG_WARN_EMPTY_BODY = YES;
				CLANG_WARN_ENUM_CONVERSION = YES;
				CLANG_WARN_INFINITE_RECURSION = YES;
				CLANG_WARN_INT_CONVERSION = YES;
				CLANG_WARN_NON_LITERAL_NULL_CONVERSION = YES;
				CLANG_WARN_OBJC_IMPLICIT_RETAIN_SELF = YES;
				CLANG_WARN_OBJC_LITERAL_CONVERSION = YES;
				CLANG_WARN_OBJC_ROOT_CLASS = YES_ERROR;
				CLANG_WARN_QUOTED_INCLUDE_IN_FRAMEWORK_HEADER = YES;
				CLANG_WARN_RANGE_LOOP_ANALYSIS = YES;
				CLANG_WARN_STRICT_PROTOTYPES = YES;
				CLANG_WARN_SUSPICIOUS_MOVE = YES;
				CLANG_WARN_UNGUARDED_AVAILABILITY = YES_AGGRESSIVE;
				CLANG_WARN_UNREACHABLE_CODE = YES;
				CLANG_WARN__DUPLICATE_METHOD_MATCH = YES;
				COPY_PHASE_STRIP = NO;
				CURRENT_PROJECT_VERSION = 1;
				DEBUG_INFORMATION_FORMAT = "dwarf-with-dsym";
				DEVELOPMENT_TEAM = 5NV8XFN9EY;
				ENABLE_NS_ASSERTIONS = NO;
				ENABLE_STRICT_OBJC_MSGSEND = YES;
				ENABLE_USER_SCRIPT_SANDBOXING = YES;
				GCC_C_LANGUAGE_STANDARD = gnu17;
				GCC_NO_COMMON_BLOCKS = YES;
				GCC_WARN_64_TO_32_BIT_CONVERSION = YES;
				GCC_WARN_ABOUT_RETURN_TYPE = YES_ERROR;
				GCC_WARN_UNDECLARED_SELECTOR = YES;
				GCC_WARN_UNINITIALIZED_AUTOS = YES_AGGRESSIVE;
				GCC_WARN_UNUSED_FUNCTION = YES;
				GCC_WARN_UNUSED_VARIABLE = YES;
				IPHONEOS_DEPLOYMENT_TARGET = 18.4;
				LOCALIZATION_PREFERS_STRING_CATALOGS = YES;
				MTL_ENABLE_DEBUG_INFO = NO;
				MTL_FAST_MATH = YES;
				SDKROOT = iphoneos;
				SWIFT_COMPILATION_MODE = wholemodule;
				VALIDATE_PRODUCT = YES;
				VERSIONING_SYSTEM = "apple-generic";
				VERSION_INFO_PREFIX = "";
			};
			name = Release;
		};
		8782D9402DAE44E800A5F375 /* Debug */ = {
			isa = XCBuildConfiguration;
			baseConfigurationReference = 9773635F5C1312406E17B58D /* Pods-VehicleConnectSDK.debug.xcconfig */;
			buildSettings = {
				BUILD_LIBRARY_FOR_DISTRIBUTION = YES;
				CODE_SIGN_IDENTITY = "";
				CODE_SIGN_STYLE = Manual;
				CURRENT_PROJECT_VERSION = 1;
				DEVELOPMENT_TEAM = "";
				DYLIB_COMPATIBILITY_VERSION = 1;
				DYLIB_CURRENT_VERSION = 1;
				DYLIB_INSTALL_NAME_BASE = "@rpath";
				ENABLE_MODULE_VERIFIER = YES;
				ENABLE_USER_SCRIPT_SANDBOXING = NO;
				GENERATE_INFOPLIST_FILE = YES;
				INFOPLIST_KEY_NSHumanReadableCopyright = "";
				INSTALL_PATH = "$(LOCAL_LIBRARY_DIR)/Frameworks";
				IPHONEOS_DEPLOYMENT_TARGET = 15.6;
				LD_RUNPATH_SEARCH_PATHS = (
					"$(inherited)",
					"@executable_path/Frameworks",
					"@loader_path/Frameworks",
				);
				MARKETING_VERSION = 1.0;
				MODULE_VERIFIER_SUPPORTED_LANGUAGES = "objective-c objective-c++";
				MODULE_VERIFIER_SUPPORTED_LANGUAGE_STANDARDS = "gnu17 gnu++20";
				PRODUCT_BUNDLE_IDENTIFIER = org.eclipse.ecsp.vehicleconnectsdk;
				PRODUCT_NAME = "$(TARGET_NAME:c99extidentifier)";
				PROVISIONING_PROFILE_SPECIFIER = "";
				SKIP_INSTALL = YES;
				SWIFT_EMIT_LOC_STRINGS = YES;
				SWIFT_INSTALL_MODULE = YES;
				SWIFT_INSTALL_OBJC_HEADER = NO;
				SWIFT_VERSION = 5.0;
				TARGETED_DEVICE_FAMILY = "1,2";
			};
			name = Debug;
		};
		8782D9412DAE44E800A5F375 /* Release */ = {
			isa = XCBuildConfiguration;
			baseConfigurationReference = B89601AD193D4950890743B9 /* Pods-VehicleConnectSDK.release.xcconfig */;
			buildSettings = {
				BUILD_LIBRARY_FOR_DISTRIBUTION = YES;
				CODE_SIGN_IDENTITY = "";
				CODE_SIGN_STYLE = Manual;
				CURRENT_PROJECT_VERSION = 1;
				DEVELOPMENT_TEAM = "";
				DYLIB_COMPATIBILITY_VERSION = 1;
				DYLIB_CURRENT_VERSION = 1;
				DYLIB_INSTALL_NAME_BASE = "@rpath";
				ENABLE_MODULE_VERIFIER = YES;
				ENABLE_USER_SCRIPT_SANDBOXING = NO;
				GENERATE_INFOPLIST_FILE = YES;
				INFOPLIST_KEY_NSHumanReadableCopyright = "";
				INSTALL_PATH = "$(LOCAL_LIBRARY_DIR)/Frameworks";
				IPHONEOS_DEPLOYMENT_TARGET = 15.6;
				LD_RUNPATH_SEARCH_PATHS = (
					"$(inherited)",
					"@executable_path/Frameworks",
					"@loader_path/Frameworks",
				);
				MARKETING_VERSION = 1.0;
				MODULE_VERIFIER_SUPPORTED_LANGUAGES = "objective-c objective-c++";
				MODULE_VERIFIER_SUPPORTED_LANGUAGE_STANDARDS = "gnu17 gnu++20";
				PRODUCT_BUNDLE_IDENTIFIER = org.eclipse.ecsp.vehicleconnectsdk;
				PRODUCT_NAME = "$(TARGET_NAME:c99extidentifier)";
				PROVISIONING_PROFILE_SPECIFIER = "";
				SKIP_INSTALL = YES;
				SWIFT_EMIT_LOC_STRINGS = YES;
				SWIFT_INSTALL_MODULE = YES;
				SWIFT_INSTALL_OBJC_HEADER = NO;
				SWIFT_VERSION = 5.0;
				TARGETED_DEVICE_FAMILY = "1,2";
			};
			name = Release;
		};
		8782D9432DAE44E800A5F375 /* Debug */ = {
			isa = XCBuildConfiguration;
			baseConfigurationReference = 3724EDE61E07E194708FED0B /* Pods-VehicleConnectSDK-VehicleConnectSDKTests.debug.xcconfig */;
			buildSettings = {
				CODE_SIGN_STYLE = Automatic;
				CURRENT_PROJECT_VERSION = 1;
				DEVELOPMENT_TEAM = 5NV8XFN9EY;
				ENABLE_USER_SCRIPT_SANDBOXING = NO;
				GENERATE_INFOPLIST_FILE = YES;
				MARKETING_VERSION = 1.0;
				PRODUCT_BUNDLE_IDENTIFIER = com.jeet.VehicleConnectSDKTests;
				PRODUCT_NAME = "$(TARGET_NAME)";
				SWIFT_EMIT_LOC_STRINGS = NO;
				SWIFT_VERSION = 5.0;
				TARGETED_DEVICE_FAMILY = "1,2";
			};
			name = Debug;
		};
		8782D9442DAE44E800A5F375 /* Release */ = {
			isa = XCBuildConfiguration;
			baseConfigurationReference = BA27B3F1046DF934E199364B /* Pods-VehicleConnectSDK-VehicleConnectSDKTests.release.xcconfig */;
			buildSettings = {
				CODE_SIGN_STYLE = Automatic;
				CURRENT_PROJECT_VERSION = 1;
				DEVELOPMENT_TEAM = 5NV8XFN9EY;
				ENABLE_USER_SCRIPT_SANDBOXING = NO;
				GENERATE_INFOPLIST_FILE = YES;
				MARKETING_VERSION = 1.0;
				PRODUCT_BUNDLE_IDENTIFIER = com.jeet.VehicleConnectSDKTests;
				PRODUCT_NAME = "$(TARGET_NAME)";
				SWIFT_EMIT_LOC_STRINGS = NO;
				SWIFT_VERSION = 5.0;
				TARGETED_DEVICE_FAMILY = "1,2";
			};
			name = Release;
		};
/* End XCBuildConfiguration section */

/* Begin XCConfigurationList section */
		8782D9252DAE44E700A5F375 /* Build configuration list for PBXProject "VehicleConnectSDK" */ = {
			isa = XCConfigurationList;
			buildConfigurations = (
				8782D93D2DAE44E800A5F375 /* Debug */,
				8782D93E2DAE44E800A5F375 /* Release */,
			);
			defaultConfigurationIsVisible = 0;
			defaultConfigurationName = Release;
		};
		8782D93F2DAE44E800A5F375 /* Build configuration list for PBXNativeTarget "VehicleConnectSDK" */ = {
			isa = XCConfigurationList;
			buildConfigurations = (
				8782D9402DAE44E800A5F375 /* Debug */,
				8782D9412DAE44E800A5F375 /* Release */,
			);
			defaultConfigurationIsVisible = 0;
			defaultConfigurationName = Release;
		};
		8782D9422DAE44E800A5F375 /* Build configuration list for PBXNativeTarget "VehicleConnectSDKTests" */ = {
			isa = XCConfigurationList;
			buildConfigurations = (
				8782D9432DAE44E800A5F375 /* Debug */,
				8782D9442DAE44E800A5F375 /* Release */,
			);
			defaultConfigurationIsVisible = 0;
			defaultConfigurationName = Release;
		};
/* End XCConfigurationList section */
	};
	rootObject = 8782D9222DAE44E700A5F375 /* Project object */;
}
